{
    "_meta": {
        "hash": {
            "sha256": "d9f5d1e1b26262da2deff56c80b4391f0411b2d1947775b5e2b8acb036189459"
        },
        "pipfile-spec": 6,
        "requires": {
            "python_full_version": "3.14"
        },
        "sources": [
            {
                "name": "pypi",
                "url": "https://pypi.org/simple",
                "verify_ssl": true
            }
        ]
    },
    "default": {
        "importlib-metadata": {
            "hashes": [
                "sha256:2d21d1cc5a017bd0559e36150c21c830ab1dc304dedd1b7ea85d20f45ef3edd7",
                "sha256:a4f57ab599e6a2e3016d7595cfd72eb4661a5106e787a95bcc90c7105b831efc"
            ],
            "index": "pypi",
            "markers": "python_version >= '3.10'",
            "version": "==9.0.0"
        },
        "importlib-resources": {
            "hashes": [
                "sha256:0722d4c6212489c530f2a145a34c0a7a3b4721bc96a15fada5930e2a0b760708",
                "sha256:1bd7b48b4088eddb2cd16382150bb515af0bd2c70128194392725f82ad2c96a1"
            ],
            "index": "pypi",
            "markers": "python_version >= '3.10'",
            "version": "==7.1.0"
        },
        "marshmallow": {
            "hashes": [
                "sha256:46c4fe6984707e3cbd485dfebbf0a59874f58d695aad05c1668d15e8c6e13b46",
                "sha256:fb43c53b3fe240b8f6af37223d6ef1636f927ad9bea8ab323afad95dff090880"
            ],
            "index": "pypi",
            "markers": "python_version >= '3.10'",
            "version": "==4.3.0"
        },
        "zipp": {
            "hashes": [
                "sha256:0b3596c50a5c700c9cb40ba8d86d9f2cc4807e9bedb06bcdf7fac85633e444dc",
                "sha256:32120e378d32cd9714ad503c1d024619063ec28aad2248dc6672ad13edfa5110"
            ],
            "markers": "python_version >= '3.9'",
            "version": "==3.23.1"
        }
    },
    "develop": {}
}
